
Microsoft Visual Studio Solution File, Format Version 12.00
# Visual Studio Version 16
VisualStudioVersion = 16.0.30907.101
MinimumVisualStudioVersion = 10.0.40219.1
Project("{9A19103F-16F7-4668-BE54-9A1E7A4F7556}") = "Globomantics.BandAgent", "Globomantics.BandAgent\Globomantics.BandAgent.csproj", "{73A6632E-1FFA-441A-923B-2ABEBAEC7018}"
EndProject
Project("{FAE04EC0-301F-11D3-BF4B-00C04F79EFBC}") = "Globomantics.MessageProcessor", "Globomatics.MessageProcessor\Globomantics.MessageProcessor.csproj", "{5D8B6675-F124-47B7-968D-309EDF31E6A1}"
EndProject
Global
	GlobalSection(SolutionConfigurationPlatforms) = preSolution
		Debug|Any CPU = Debug|Any CPU
		Release|Any CPU = Release|Any CPU
	EndGlobalSection
	GlobalSection(ProjectConfigurationPlatforms) = postSolution
		{73A6632E-1FFA-441A-923B-2ABEBAEC7018}.Debug|Any CPU.ActiveCfg = Debug|Any CPU
		{73A6632E-1FFA-441A-923B-2ABEBAEC7018}.Debug|Any CPU.Build.0 = Debug|Any CPU
		{73A6632E-1FFA-441A-923B-2ABEBAEC7018}.Release|Any CPU.ActiveCfg = Release|Any CPU
		{73A6632E-1FFA-441A-923B-2ABEBAEC7018}.Release|Any CPU.Build.0 = Release|Any CPU
		{5D8B6675-F124-47B7-968D-309EDF31E6A1}.Debug|Any CPU.ActiveCfg = Debug|Any CPU
		{5D8B6675-F124-47B7-968D-309EDF31E6A1}.Debug|Any CPU.Build.0 = Debug|Any CPU
		{5D8B6675-F124-47B7-968D-309EDF31E6A1}.Release|Any CPU.ActiveCfg = Release|Any CPU
		{5D8B6675-F124-47B7-968D-309EDF31E6A1}.Release|Any CPU.Build.0 = Release|Any CPU
	EndGlobalSection
	GlobalSection(SolutionProperties) = preSolution
		HideSolutionNode = FALSE
	EndGlobalSection
	GlobalSection(ExtensibilityGlobals) = postSolution
		SolutionGuid = {7DC1B926-782B-4793-968C-D5160A892B56}
	EndGlobalSection
EndGlobal
